// !$*UTF8*$!
{
	archiveVersion = 1;
	classes = {
	};
	objectVersion = 50;
	objects = {

/* Begin PBXBuildFile section */
		347A1E86224A75F7002C6905 /* AppDelegate.swift in Sources */ = {isa = PBXBuildFile; fileRef = 347A1E85224A75F7002C6905 /* AppDelegate.swift */; };
		347A1E88224A75F7002C6905 /* ViewController.swift in Sources */ = {isa = PBXBuildFile; fileRef = 347A1E87224A75F7002C6905 /* ViewController.swift */; };
		347A1E8B224A75F7002C6905 /* Main.storyboard in Resources */ = {isa = PBXBuildFile; fileRef = 347A1E89224A75F7002C6905 /* Main.storyboard */; };
		347A1E8E224A75F7002C6905 /* Weather_Reminder.xcdatamodeld in Sources */ = {isa = PBXBuildFile; fileRef = 347A1E8C224A75F7002C6905 /* Weather_Reminder.xcdatamodeld */; };
		347A1E90224A75F8002C6905 /* Assets.xcassets in Resources */ = {isa = PBXBuildFile; fileRef = 347A1E8F224A75F8002C6905 /* Assets.xcassets */; };
		347A1E93224A75F8002C6905 /* LaunchScreen.storyboard in Resources */ = {isa = PBXBuildFile; fileRef = 347A1E91224A75F8002C6905 /* LaunchScreen.storyboard */; };
		9F0A6F5E2250ED9200B6E388 /* eventDetailVC.swift in Sources */ = {isa = PBXBuildFile; fileRef = 9F0A6F5D2250ED9200B6E388 /* eventDetailVC.swift */; };
		9F0A6F602250EDCC00B6E388 /* eventListVC.swift in Sources */ = {isa = PBXBuildFile; fileRef = 9F0A6F5F2250EDCC00B6E388 /* eventListVC.swift */; };
		9F11B6622253F13900BA75D4 /* TTableViewController.swift in Sources */ = {isa = PBXBuildFile; fileRef = 9F11B6612253F13900BA75D4 /* TTableViewController.swift */; };
		9F477C8B2250E8B1005578EC /* selectSenario.swift in Sources */ = {isa = PBXBuildFile; fileRef = 9F477C8A2250E8B1005578EC /* selectSenario.swift */; };
		9F477C8D2250EAD3005578EC /* createEventVC.swift in Sources */ = {isa = PBXBuildFile; fileRef = 9F477C8C2250EAD3005578EC /* createEventVC.swift */; };
		9FBA1436225101170091F617 /* mapVC.swift in Sources */ = {isa = PBXBuildFile; fileRef = 9FBA1435225101170091F617 /* mapVC.swift */; };
		9FBA143822518DE90091F617 /* PeriodVC.swift in Sources */ = {isa = PBXBuildFile; fileRef = 9FBA143722518DE90091F617 /* PeriodVC.swift */; };
		9FBA143A22518E990091F617 /* remindTimeVC.swift in Sources */ = {isa = PBXBuildFile; fileRef = 9FBA143922518E990091F617 /* remindTimeVC.swift */; };
		9FBA143C225195E80091F617 /* weatherConditionVC.swift in Sources */ = {isa = PBXBuildFile; fileRef = 9FBA143B225195E80091F617 /* weatherConditionVC.swift */; };
/* End PBXBuildFile section */

/* Begin PBXFileReference section */
		347A1E82224A75F7002C6905 /* Weather_Reminder.app */ = {isa = PBXFileReference; explicitFileType = wrapper.application; includeInIndex = 0; path = Weather_Reminder.app; sourceTree = BUILT_PRODUCTS_DIR; };
		347A1E85224A75F7002C6905 /* AppDelegate.swift */ = {isa = PBXFileReference; lastKnownFileType = sourcecode.swift; path = AppDelegate.swift; sourceTree = "<group>"; };
		347A1E87224A75F7002C6905 /* ViewController.swift */ = {isa = PBXFileReference; lastKnownFileType = sourcecode.swift; path = ViewController.swift; sourceTree = "<group>"; };
		347A1E8A224A75F7002C6905 /* Base */ = {isa = PBXFileReference; lastKnownFileType = file.storyboard; name = Base; path = Base.lproj/Main.storyboard; sourceTree = "<group>"; };
		347A1E8D224A75F7002C6905 /* Weather_Reminder.xcdatamodel */ = {isa = PBXFileReference; lastKnownFileType = wrapper.xcdatamodel; path = Weather_Reminder.xcdatamodel; sourceTree = "<group>"; };
		347A1E8F224A75F8002C6905 /* Assets.xcassets */ = {isa = PBXFileReference; lastKnownFileType = folder.assetcatalog; path = Assets.xcassets; sourceTree = "<group>"; };
		347A1E92224A75F8002C6905 /* Base */ = {isa = PBXFileReference; lastKnownFileType = file.storyboard; name = Base; path = Base.lproj/LaunchScreen.storyboard; sourceTree = "<group>"; };
		347A1E94224A75F8002C6905 /* Info.plist */ = {isa = PBXFileReference; lastKnownFileType = text.plist.xml; path = Info.plist; sourceTree = "<group>"; };
		9F0A6F5D2250ED9200B6E388 /* eventDetailVC.swift */ = {isa = PBXFileReference; lastKnownFileType = sourcecode.swift; path = eventDetailVC.swift; sourceTree = "<group>"; };
		9F0A6F5F2250EDCC00B6E388 /* eventListVC.swift */ = {isa = PBXFileReference; lastKnownFileType = sourcecode.swift; path = eventListVC.swift; sourceTree = "<group>"; };
		9F11B6612253F13900BA75D4 /* TTableViewController.swift */ = {isa = PBXFileReference; lastKnownFileType = sourcecode.swift; path = TTableViewController.swift; sourceTree = "<group>"; };
		9F477C8A2250E8B1005578EC /* selectSenario.swift */ = {isa = PBXFileReference; lastKnownFileType = sourcecode.swift; path = selectSenario.swift; sourceTree = "<group>"; };
		9F477C8C2250EAD3005578EC /* createEventVC.swift */ = {isa = PBXFileReference; lastKnownFileType = sourcecode.swift; path = createEventVC.swift; sourceTree = "<group>"; };
		9FBA1435225101170091F617 /* mapVC.swift */ = {isa = PBXFileReference; lastKnownFileType = sourcecode.swift; path = mapVC.swift; sourceTree = "<group>"; };
		9FBA143722518DE90091F617 /* PeriodVC.swift */ = {isa = PBXFileReference; lastKnownFileType = sourcecode.swift; path = PeriodVC.swift; sourceTree = "<group>"; };
		9FBA143922518E990091F617 /* remindTimeVC.swift */ = {isa = PBXFileReference; lastKnownFileType = sourcecode.swift; path = remindTimeVC.swift; sourceTree = "<group>"; };
		9FBA143B225195E80091F617 /* weatherConditionVC.swift */ = {isa = PBXFileReference; lastKnownFileType = sourcecode.swift; path = weatherConditionVC.swift; sourceTree = "<group>"; };
		B485AE3822568BBF008AAF08 /* Weather_Reminder.entitlements */ = {isa = PBXFileReference; lastKnownFileType = text.plist.entitlements; path = Weather_Reminder.entitlements; sourceTree = "<group>"; };
/* End PBXFileReference section */

/* Begin PBXFrameworksBuildPhase section */
		347A1E7F224A75F7002C6905 /* Frameworks */ = {
			isa = PBXFrameworksBuildPhase;
			buildActionMask = 2147483647;
			files = (
			);
			runOnlyForDeploymentPostprocessing = 0;
		};
/* End PBXFrameworksBuildPhase section */

/* Begin PBXGroup section */
		347A1E79224A75F7002C6905 = {
			isa = PBXGroup;
			children = (
				347A1E84224A75F7002C6905 /* Weather_Reminder */,
				347A1E83224A75F7002C6905 /* Products */,
			);
			sourceTree = "<group>";
		};
		347A1E83224A75F7002C6905 /* Products */ = {
			isa = PBXGroup;
			children = (
				347A1E82224A75F7002C6905 /* Weather_Reminder.app */,
			);
			name = Products;
			sourceTree = "<group>";
		};
		347A1E84224A75F7002C6905 /* Weather_Reminder */ = {
			isa = PBXGroup;
			children = (
				B485AE3822568BBF008AAF08 /* Weather_Reminder.entitlements */,
				347A1E85224A75F7002C6905 /* AppDelegate.swift */,
				347A1E87224A75F7002C6905 /* ViewController.swift */,
				347A1E89224A75F7002C6905 /* Main.storyboard */,
				9F11B6612253F13900BA75D4 /* TTableViewController.swift */,
				9FBA143B225195E80091F617 /* weatherConditionVC.swift */,
				9FBA143922518E990091F617 /* remindTimeVC.swift */,
				9FBA143722518DE90091F617 /* PeriodVC.swift */,
				9FBA1435225101170091F617 /* mapVC.swift */,
				9F0A6F5F2250EDCC00B6E388 /* eventListVC.swift */,
				9F0A6F5D2250ED9200B6E388 /* eventDetailVC.swift */,
				9F477C8C2250EAD3005578EC /* createEventVC.swift */,
				9F477C8A2250E8B1005578EC /* selectSenario.swift */,
				347A1E8F224A75F8002C6905 /* Assets.xcassets */,
				347A1E91224A75F8002C6905 /* LaunchScreen.storyboard */,
				347A1E94224A75F8002C6905 /* Info.plist */,
				347A1E8C224A75F7002C6905 /* Weather_Reminder.xcdatamodeld */,
			);
			path = Weather_Reminder;
			sourceTree = "<group>";
		};
/* End PBXGroup section */

/* Begin PBXNativeTarget section */
		347A1E81224A75F7002C6905 /* Weather_Reminder */ = {
			isa = PBXNativeTarget;
			buildConfigurationList = 347A1E97224A75F8002C6905 /* Build configuration list for PBXNativeTarget "Weather_Reminder" */;
			buildPhases = (
				347A1E7E224A75F7002C6905 /* Sources */,
				347A1E7F224A75F7002C6905 /* Frameworks */,
				347A1E80224A75F7002C6905 /* Resources */,
			);
			buildRules = (
			);
			dependencies = (
			);
			name = Weather_Reminder;
			productName = Weather_Reminder;
			productReference = 347A1E82224A75F7002C6905 /* Weather_Reminder.app */;
			productType = "com.apple.product-type.application";
		};
/* End PBXNativeTarget section */

/* Begin PBXProject section */
		347A1E7A224A75F7002C6905 /* Project object */ = {
			isa = PBXProject;
			attributes = {
				LastSwiftUpdateCheck = 1010;
				LastUpgradeCheck = 1010;
				ORGANIZATIONNAME = comp208.team4;
				TargetAttributes = {
					347A1E81224A75F7002C6905 = {
						CreatedOnToolsVersion = 10.1;
						SystemCapabilities = {
							com.apple.BackgroundModes = {
								enabled = 1;
							};
							com.apple.Push = {
								enabled = 1;
							};
						};
					};
				};
			};
			buildConfigurationList = 347A1E7D224A75F7002C6905 /* Build configuration list for PBXProject "Weather_Reminder" */;
			compatibilityVersion = "Xcode 9.3";
			developmentRegion = en;
			hasScannedForEncodings = 0;
			knownRegions = (
				en,
				Base,
			);
			mainGroup = 347A1E79224A75F7002C6905;
			productRefGroup = 347A1E83224A75F7002C6905 /* Products */;
			projectDirPath = "";
			projectRoot = "";
			targets = (
				347A1E81224A75F7002C6905 /* Weather_Reminder */,
			);
		};
/* End PBXProject section */

/* Begin PBXResourcesBuildPhase section */
		347A1E80224A75F7002C6905 /* Resources */ = {
			isa = PBXResourcesBuildPhase;
			buildActionMask = 2147483647;
			files = (
				347A1E93224A75F8002C6905 /* LaunchScreen.storyboard in Resources */,
				347A1E90224A75F8002C6905 /* Assets.xcassets in Resources */,
				347A1E8B224A75F7002C6905 /* Main.storyboard in Resources */,
			);
			runOnlyForDeploymentPostprocessing = 0;
		};
/* End PBXResourcesBuildPhase section */

/* Begin PBXSourcesBuildPhase section */
		347A1E7E224A75F7002C6905 /* Sources */ = {
			isa = PBXSourcesBuildPhase;
			buildActionMask = 2147483647;
			files = (
				9F11B6622253F13900BA75D4 /* TTableViewController.swift in Sources */,
				9FBA143C225195E80091F617 /* weatherConditionVC.swift in Sources */,
				347A1E88224A75F7002C6905 /* ViewController.swift in Sources */,
				9F477C8D2250EAD3005578EC /* createEventVC.swift in Sources */,
				9F0A6F5E2250ED9200B6E388 /* eventDetailVC.swift in Sources */,
				347A1E86224A75F7002C6905 /* AppDelegate.swift in Sources */,
				9F0A6F602250EDCC00B6E388 /* eventListVC.swift in Sources */,
				9FBA1436225101170091F617 /* mapVC.swift in Sources */,
				9FBA143A22518E990091F617 /* remindTimeVC.swift in Sources */,
				347A1E8E224A75F7002C6905 /* Weather_Reminder.xcdatamodeld in Sources */,
				9F477C8B2250E8B1005578EC /* selectSenario.swift in Sources */,
				9FBA143822518DE90091F617 /* PeriodVC.swift in Sources */,
			);
			runOnlyForDeploymentPostprocessing = 0;
		};
/* End PBXSourcesBuildPhase section */

/* Begin PBXVariantGroup section */
		347A1E89224A75F7002C6905 /* Main.storyboard */ = {
			isa = PBXVariantGroup;
			children = (
				347A1E8A224A75F7002C6905 /* Base */,
			);
			name = Main.storyboard;
			sourceTree = "<group>";
		};
		347A1E91224A75F8002C6905 /* LaunchScreen.storyboard */ = {
			isa = PBXVariantGroup;
			children = (
				347A1E92224A75F8002C6905 /* Base */,
			);
			name = LaunchScreen.storyboard;
			sourceTree = "<group>";
		};
/* End PBXVariantGroup section */

/* Begin XCBuildConfiguration section */
		347A1E95224A75F8002C6905 /* Debug */ = {
			isa = XCBuildConfiguration;
			buildSettings = {
				ALWAYS_SEARCH_USER_PATHS = NO;
				CLANG_ANALYZER_NONNULL = YES;
				CLANG_ANALYZER_NUMBER_OBJECT_CONVERSION = YES_AGGRESSIVE;
				CLANG_CXX_LANGUAGE_STANDARD = "gnu++14";
				CLANG_CXX_LIBRARY = "libc++";
				CLANG_ENABLE_MODULES = YES;
				CLANG_ENABLE_OBJC_ARC = YES;
				CLANG_ENABLE_OBJC_WEAK = YES;
				CLANG_WARN_BLOCK_CAPTURE_AUTORELEASING = YES;
				CLANG_WARN_BOOL_CONVERSION = YES;
				CLANG_WARN_COMMA = YES;
				CLANG_WARN_CONSTANT_CONVERSION = YES;
				CLANG_WARN_DEPRECATED_OBJC_IMPLEMENTATIONS = YES;
				CLANG_WARN_DIRECT_OBJC_ISA_USAGE = YES_ERROR;
				CLANG_WARN_DOCUMENTATION_COMMENTS = YES;
				CLANG_WARN_EMPTY_BODY = YES;
				CLANG_WARN_ENUM_CONVERSION = YES;
				CLANG_WARN_INFINITE_RECURSION = YES;
				CLANG_WARN_INT_CONVERSION = YES;
				CLANG_WARN_NON_LITERAL_NULL_CONVERSION = YES;
				CLANG_WARN_OBJC_IMPLICIT_RETAIN_SELF = YES;
				CLANG_WARN_OBJC_LITERAL_CONVERSION = YES;
				CLANG_WARN_OBJC_ROOT_CLASS = YES_ERROR;
				CLANG_WARN_RANGE_LOOP_ANALYSIS = YES;
				CLANG_WARN_STRICT_PROTOTYPES = YES;
				CLANG_WARN_SUSPICIOUS_MOVE = YES;
				CLANG_WARN_UNGUARDED_AVAILABILITY = YES_AGGRESSIVE;
				CLANG_WARN_UNREACHABLE_CODE = YES;
				CLANG_WARN__DUPLICATE_METHOD_MATCH = YES;
				CODE_SIGN_IDENTITY = "iPhone Developer";
				COPY_PHASE_STRIP = NO;
				DEBUG_INFORMATION_FORMAT = dwarf;
				ENABLE_STRICT_OBJC_MSGSEND = YES;
				ENABLE_TESTABILITY = YES;
				GCC_C_LANGUAGE_STANDARD = gnu11;
				GCC_DYNAMIC_NO_PIC = NO;
				GCC_NO_COMMON_BLOCKS = YES;
				GCC_OPTIMIZATION_LEVEL = 0;
				GCC_PREPROCESSOR_DEFINITIONS = (
					"DEBUG=1",
					"$(inherited)",
				);
				GCC_WARN_64_TO_32_BIT_CONVERSION = YES;
				GCC_WARN_ABOUT_RETURN_TYPE = YES_ERROR;
				GCC_WARN_UNDECLARED_SELECTOR = YES;
				GCC_WARN_UNINITIALIZED_AUTOS = YES_AGGRESSIVE;
				GCC_WARN_UNUSED_FUNCTION = YES;
				GCC_WARN_UNUSED_VARIABLE = YES;
				IPHONEOS_DEPLOYMENT_TARGET = 12.1;
				MTL_ENABLE_DEBUG_INFO = INCLUDE_SOURCE;
				MTL_FAST_MATH = YES;
				ONLY_ACTIVE_ARCH = YES;
				SDKROOT = iphoneos;
				SWIFT_ACTIVE_COMPILATION_CONDITIONS = DEBUG;
				SWIFT_OPTIMIZATION_LEVEL = "-Onone";
			};
			name = Debug;
		};
		347A1E96224A75F8002C6905 /* Release */ = {
			isa = XCBuildConfiguration;
			buildSettings = {
				ALWAYS_SEARCH_USER_PATHS = NO;
				CLANG_ANALYZER_NONNULL = YES;
				CLANG_ANALYZER_NUMBER_OBJECT_CONVERSION = YES_AGGRESSIVE;
				CLANG_CXX_LANGUAGE_STANDARD = "gnu++14";
				CLANG_CXX_LIBRARY = "libc++";
				CLANG_ENABLE_MODULES = YES;
				CLANG_ENABLE_OBJC_ARC = YES;
				CLANG_ENABLE_OBJC_WEAK = YES;
				CLANG_WARN_BLOCK_CAPTURE_AUTORELEASING = YES;
				CLANG_WARN_BOOL_CONVERSION = YES;
				CLANG_WARN_COMMA = YES;
				CLANG_WARN_CONSTANT_CONVERSION = YES;
				CLANG_WARN_DEPRECATED_OBJC_IMPLEMENTATIONS = YES;
				CLANG_WARN_DIRECT_OBJC_ISA_USAGE = YES_ERROR;
				CLANG_WARN_DOCUMENTATION_COMMENTS = YES;
				CLANG_WARN_EMPTY_BODY = YES;
				CLANG_WARN_ENUM_CONVERSION = YES;
				CLANG_WARN_INFINITE_RECURSION = YES;
				CLANG_WARN_INT_CONVERSION = YES;
				CLANG_WARN_NON_LITERAL_NULL_CONVERSION = YES;
				CLANG_WARN_OBJC_IMPLICIT_RETAIN_SELF = YES;
				CLANG_WARN_OBJC_LITERAL_CONVERSION = YES;
				CLANG_WARN_OBJC_ROOT_CLASS = YES_ERROR;
				CLANG_WARN_RANGE_LOOP_ANALYSIS = YES;
				CLANG_WARN_STRICT_PROTOTYPES = YES;
				CLANG_WARN_SUSPICIOUS_MOVE = YES;
				CLANG_WARN_UNGUARDED_AVAILABILITY = YES_AGGRESSIVE;
				CLANG_WARN_UNREACHABLE_CODE = YES;
				CLANG_WARN__DUPLICATE_METHOD_MATCH = YES;
				CODE_SIGN_IDENTITY = "iPhone Developer";
				COPY_PHASE_STRIP = NO;
				DEBUG_INFORMATION_FORMAT = "dwarf-with-dsym";
				ENABLE_NS_ASSERTIONS = NO;
				ENABLE_STRICT_OBJC_MSGSEND = YES;
				GCC_C_LANGUAGE_STANDARD = gnu11;
				GCC_NO_COMMON_BLOCKS = YES;
				GCC_WARN_64_TO_32_BIT_CONVERSION = YES;
				GCC_WARN_ABOUT_RETURN_TYPE = YES_ERROR;
				GCC_WARN_UNDECLARED_SELECTOR = YES;
				GCC_WARN_UNINITIALIZED_AUTOS = YES_AGGRESSIVE;
				GCC_WARN_UNUSED_FUNCTION = YES;
				GCC_WARN_UNUSED_VARIABLE = YES;
				IPHONEOS_DEPLOYMENT_TARGET = 12.1;
				MTL_ENABLE_DEBUG_INFO = NO;
				MTL_FAST_MATH = YES;
				SDKROOT = iphoneos;
				SWIFT_COMPILATION_MODE = wholemodule;
				SWIFT_OPTIMIZATION_LEVEL = "-O";
				VALIDATE_PRODUCT = YES;
			};
			name = Release;
		};
		347A1E98224A75F8002C6905 /* Debug */ = {
			isa = XCBuildConfiguration;
			buildSettings = {
				ASSETCATALOG_COMPILER_APPICON_NAME = AppIcon;
				CODE_SIGN_ENTITLEMENTS = Weather_Reminder/Weather_Reminder.entitlements;
				CODE_SIGN_STYLE = Automatic;
				DEVELOPMENT_TEAM = R4AH55NR8B;
				INFOPLIST_FILE = Weather_Reminder/Info.plist;
				LD_RUNPATH_SEARCH_PATHS = (
					"$(inherited)",
					"@executable_path/Frameworks",
				);
				PRODUCT_BUNDLE_IDENTIFIER = comp208.team4.WeatherReminder;
				PRODUCT_NAME = "$(TARGET_NAME)";
				SWIFT_VERSION = 4.2;
				TARGETED_DEVICE_FAMILY = "1,2";
			};
			name = Debug;
		};
		347A1E99224A75F8002C6905 /* Release */ = {
			isa = XCBuildConfiguration;
			buildSettings = {
				ASSETCATALOG_COMPILER_APPICON_NAME = AppIcon;
				CODE_SIGN_ENTITLEMENTS = Weather_Reminder/Weather_Reminder.entitlements;
				CODE_SIGN_STYLE = Automatic;
				DEVELOPMENT_TEAM = R4AH55NR8B;
				INFOPLIST_FILE = Weather_Reminder/Info.plist;
				LD_RUNPATH_SEARCH_PATHS = (
					"$(inherited)",
					"@executable_path/Frameworks",
				);
				PRODUCT_BUNDLE_IDENTIFIER = comp208.team4.WeatherReminder;
				PRODUCT_NAME = "$(TARGET_NAME)";
				SWIFT_VERSION = 4.2;
				TARGETED_DEVICE_FAMILY = "1,2";
			};
			name = Release;
		};
/* End XCBuildConfiguration section */

/* Begin XCConfigurationList section */
		347A1E7D224A75F7002C6905 /* Build configuration list for PBXProject "Weather_Reminder" */ = {
			isa = XCConfigurationList;
			buildConfigurations = (
				347A1E95224A75F8002C6905 /* Debug */,
				347A1E96224A75F8002C6905 /* Release */,
			);
			defaultConfigurationIsVisible = 0;
			defaultConfigurationName = Release;
		};
		347A1E97224A75F8002C6905 /* Build configuration list for PBXNativeTarget "Weather_Reminder" */ = {
			isa = XCConfigurationList;
			buildConfigurations = (
				347A1E98224A75F8002C6905 /* Debug */,
				347A1E99224A75F8002C6905 /* Release */,
			);
			defaultConfigurationIsVisible = 0;
			defaultConfigurationName = Release;
		};
/* End XCConfigurationList section */

/* Begin XCVersionGroup section */
		347A1E8C224A75F7002C6905 /* Weather_Reminder.xcdatamodeld */ = {
			isa = XCVersionGroup;
			children = (
				347A1E8D224A75F7002C6905 /* Weather_Reminder.xcdatamodel */,
			);
			currentVersion = 347A1E8D224A75F7002C6905 /* Weather_Reminder.xcdatamodel */;
			path = Weather_Reminder.xcdatamodeld;
			sourceTree = "<group>";
			versionGroupType = wrapper.xcdatamodel;
		};
/* End XCVersionGroup section */
	};
	rootObject = 347A1E7A224A75F7002C6905 /* Project object */;
}
